
Microsoft Visual Studio Solution File, Format Version 12.00
# Visual Studio Version 17
VisualStudioVersion = 17.7.34018.315
MinimumVisualStudioVersion = 10.0.40219.1
Project("{FAE04EC0-301F-11D3-BF4B-00C04F79EFBC}") = "uri1014", "uri1014\uri1014.csproj", "{78BE858B-6757-4B84-8B14-0E4D86C7834E}"
EndProject
Global
	GlobalSection(SolutionConfigurationPlatforms) = preSolution
		Debug|Any CPU = Debug|Any CPU
		Release|Any CPU = Release|Any CPU
	EndGlobalSection
	GlobalSection(ProjectConfigurationPlatforms) = postSolution
		{78BE858B-6757-4B84-8B14-0E4D86C7834E}.Debug|Any CPU.ActiveCfg = Debug|Any CPU
		{78BE858B-6757-4B84-8B14-0E4D86C7834E}.Debug|Any CPU.Build.0 = Debug|Any CPU
		{78BE858B-6757-4B84-8B14-0E4D86C7834E}.Release|Any CPU.ActiveCfg = Release|Any CPU
		{78BE858B-6757-4B84-8B14-0E4D86C7834E}.Release|Any CPU.Build.0 = Release|Any CPU
	EndGlobalSection
	GlobalSection(SolutionProperties) = preSolution
		HideSolutionNode = FALSE
	EndGlobalSection
	GlobalSection(ExtensibilityGlobals) = postSolution
		SolutionGuid = {93BBEF24-5D55-46F3-935C-942B4D44A8E9}
	EndGlobalSection
EndGlobal
